// !$*UTF8*$!
{
	archiveVersion = 1;
	classes = {
	};
	objectVersion = 46;
	objects = {

/* Begin PBXBuildFile section */
		71D4D1AD19C0A45F002678AF /* AppDelegate.swift in Sources */ = {isa = PBXBuildFile; fileRef = 71D4D1AC19C0A45F002678AF /* AppDelegate.swift */; };
		71D4D1AF19C0A45F002678AF /* ViewController.swift in Sources */ = {isa = PBXBuildFile; fileRef = 71D4D1AE19C0A45F002678AF /* ViewController.swift */; };
		71D4D1B219C0A45F002678AF /* Main.storyboard in Resources */ = {isa = PBXBuildFile; fileRef = 71D4D1B019C0A45F002678AF /* Main.storyboard */; };
		71D4D1B419C0A45F002678AF /* Images.xcassets in Resources */ = {isa = PBXBuildFile; fileRef = 71D4D1B319C0A45F002678AF /* Images.xcassets */; };
		71D4D1C019C0A460002678AF /* FibonacciTests.swift in Sources */ = {isa = PBXBuildFile; fileRef = 71D4D1BF19C0A460002678AF /* FibonacciTests.swift */; };
		71D4D1CA19C0A4DF002678AF /* FibonacciModel.swift in Sources */ = {isa = PBXBuildFile; fileRef = 71D4D1C919C0A4DF002678AF /* FibonacciModel.swift */; };
/* End PBXBuildFile section */

/* Begin PBXContainerItemProxy section */
		71D4D1BA19C0A460002678AF /* PBXContainerItemProxy */ = {
			isa = PBXContainerItemProxy;
			containerPortal = 71D4D19F19C0A45F002678AF /* Project object */;
			proxyType = 1;
			remoteGlobalIDString = 71D4D1A619C0A45F002678AF;
			remoteInfo = Fibonacci;
		};
/* End PBXContainerItemProxy section */

/* Begin PBXFileReference section */
		71D4D1A719C0A45F002678AF /* Fibonacci.app */ = {isa = PBXFileReference; explicitFileType = wrapper.application; includeInIndex = 0; path = Fibonacci.app; sourceTree = BUILT_PRODUCTS_DIR; };
		71D4D1AB19C0A45F002678AF /* Info.plist */ = {isa = PBXFileReference; lastKnownFileType = text.plist.xml; path = Info.plist; sourceTree = "<group>"; };
		71D4D1AC19C0A45F002678AF /* AppDelegate.swift */ = {isa = PBXFileReference; lastKnownFileType = sourcecode.swift; path = AppDelegate.swift; sourceTree = "<group>"; };
		71D4D1AE19C0A45F002678AF /* ViewController.swift */ = {isa = PBXFileReference; lastKnownFileType = sourcecode.swift; path = ViewController.swift; sourceTree = "<group>"; };
		71D4D1B119C0A45F002678AF /* Base */ = {isa = PBXFileReference; lastKnownFileType = file.storyboard; name = Base; path = Base.lproj/Main.storyboard; sourceTree = "<group>"; };
		71D4D1B319C0A45F002678AF /* Images.xcassets */ = {isa = PBXFileReference; lastKnownFileType = folder.assetcatalog; path = Images.xcassets; sourceTree = "<group>"; };
		71D4D1B919C0A460002678AF /* FibonacciTests.xctest */ = {isa = PBXFileReference; explicitFileType = wrapper.cfbundle; includeInIndex = 0; path = FibonacciTests.xctest; sourceTree = BUILT_PRODUCTS_DIR; };
		71D4D1BE19C0A460002678AF /* Info.plist */ = {isa = PBXFileReference; lastKnownFileType = text.plist.xml; path = Info.plist; sourceTree = "<group>"; };
		71D4D1BF19C0A460002678AF /* FibonacciTests.swift */ = {isa = PBXFileReference; lastKnownFileType = sourcecode.swift; path = FibonacciTests.swift; sourceTree = "<group>"; };
		71D4D1C919C0A4DF002678AF /* FibonacciModel.swift */ = {isa = PBXFileReference; fileEncoding = 4; lastKnownFileType = sourcecode.swift; path = FibonacciModel.swift; sourceTree = "<group>"; };
/* End PBXFileReference section */

/* Begin PBXFrameworksBuildPhase section */
		71D4D1A419C0A45F002678AF /* Frameworks */ = {
			isa = PBXFrameworksBuildPhase;
			buildActionMask = 2147483647;
			files = (
			);
			runOnlyForDeploymentPostprocessing = 0;
		};
		71D4D1B619C0A45F002678AF /* Frameworks */ = {
			isa = PBXFrameworksBuildPhase;
			buildActionMask = 2147483647;
			files = (
			);
			runOnlyForDeploymentPostprocessing = 0;
		};
/* End PBXFrameworksBuildPhase section */

/* Begin PBXGroup section */
		71D4D19E19C0A45E002678AF = {
			isa = PBXGroup;
			children = (
				71D4D1C919C0A4DF002678AF /* FibonacciModel.swift */,
				71D4D1A919C0A45F002678AF /* Fibonacci */,
				71D4D1BC19C0A460002678AF /* FibonacciTests */,
				71D4D1A819C0A45F002678AF /* Products */,
			);
			sourceTree = "<group>";
		};
		71D4D1A819C0A45F002678AF /* Products */ = {
			isa = PBXGroup;
			children = (
				71D4D1A719C0A45F002678AF /* Fibonacci.app */,
				71D4D1B919C0A460002678AF /* FibonacciTests.xctest */,
			);
			name = Products;
			sourceTree = "<group>";
		};
		71D4D1A919C0A45F002678AF /* Fibonacci */ = {
			isa = PBXGroup;
			children = (
				71D4D1AC19C0A45F002678AF /* AppDelegate.swift */,
				71D4D1AE19C0A45F002678AF /* ViewController.swift */,
				71D4D1B019C0A45F002678AF /* Main.storyboard */,
				71D4D1B319C0A45F002678AF /* Images.xcassets */,
				71D4D1AA19C0A45F002678AF /* Supporting Files */,
			);
			path = Fibonacci;
			sourceTree = "<group>";
		};
		71D4D1AA19C0A45F002678AF /* Supporting Files */ = {
			isa = PBXGroup;
			children = (
				71D4D1AB19C0A45F002678AF /* Info.plist */,
			);
			name = "Supporting Files";
			sourceTree = "<group>";
		};
		71D4D1BC19C0A460002678AF /* FibonacciTests */ = {
			isa = PBXGroup;
			children = (
				71D4D1BF19C0A460002678AF /* FibonacciTests.swift */,
				71D4D1BD19C0A460002678AF /* Supporting Files */,
			);
			path = FibonacciTests;
			sourceTree = "<group>";
		};
		71D4D1BD19C0A460002678AF /* Supporting Files */ = {
			isa = PBXGroup;
			children = (
				71D4D1BE19C0A460002678AF /* Info.plist */,
			);
			name = "Supporting Files";
			sourceTree = "<group>";
		};
/* End PBXGroup section */

/* Begin PBXNativeTarget section */
		71D4D1A619C0A45F002678AF /* Fibonacci */ = {
			isa = PBXNativeTarget;
			buildConfigurationList = 71D4D1C319C0A460002678AF /* Build configuration list for PBXNativeTarget "Fibonacci" */;
			buildPhases = (
				71D4D1A319C0A45F002678AF /* Sources */,
				71D4D1A419C0A45F002678AF /* Frameworks */,
				71D4D1A519C0A45F002678AF /* Resources */,
			);
			buildRules = (
			);
			dependencies = (
			);
			name = Fibonacci;
			productName = Fibonacci;
			productReference = 71D4D1A719C0A45F002678AF /* Fibonacci.app */;
			productType = "com.apple.product-type.application";
		};
		71D4D1B819C0A45F002678AF /* FibonacciTests */ = {
			isa = PBXNativeTarget;
			buildConfigurationList = 71D4D1C619C0A460002678AF /* Build configuration list for PBXNativeTarget "FibonacciTests" */;
			buildPhases = (
				71D4D1B519C0A45F002678AF /* Sources */,
				71D4D1B619C0A45F002678AF /* Frameworks */,
				71D4D1B719C0A45F002678AF /* Resources */,
			);
			buildRules = (
			);
			dependencies = (
				71D4D1BB19C0A460002678AF /* PBXTargetDependency */,
			);
			name = FibonacciTests;
			productName = FibonacciTests;
			productReference = 71D4D1B919C0A460002678AF /* FibonacciTests.xctest */;
			productType = "com.apple.product-type.bundle.unit-test";
		};
/* End PBXNativeTarget section */

/* Begin PBXProject section */
		71D4D19F19C0A45F002678AF /* Project object */ = {
			isa = PBXProject;
			attributes = {
				LastUpgradeCheck = 0600;
				ORGANIZATIONNAME = "Ali Alsayed";
				TargetAttributes = {
					71D4D1A619C0A45F002678AF = {
						CreatedOnToolsVersion = 6.0;
					};
					71D4D1B819C0A45F002678AF = {
						CreatedOnToolsVersion = 6.0;
						TestTargetID = 71D4D1A619C0A45F002678AF;
					};
				};
			};
			buildConfigurationList = 71D4D1A219C0A45F002678AF /* Build configuration list for PBXProject "Fibonacci" */;
			compatibilityVersion = "Xcode 3.2";
			developmentRegion = English;
			hasScannedForEncodings = 0;
			knownRegions = (
				en,
				Base,
			);
			mainGroup = 71D4D19E19C0A45E002678AF;
			productRefGroup = 71D4D1A819C0A45F002678AF /* Products */;
			projectDirPath = "";
			projectRoot = "";
			targets = (
				71D4D1A619C0A45F002678AF /* Fibonacci */,
				71D4D1B819C0A45F002678AF /* FibonacciTests */,
			);
		};
/* End PBXProject section */

/* Begin PBXResourcesBuildPhase section */
		71D4D1A519C0A45F002678AF /* Resources */ = {
			isa = PBXResourcesBuildPhase;
			buildActionMask = 2147483647;
			files = (
				71D4D1B219C0A45F002678AF /* Main.storyboard in Resources */,
				71D4D1B419C0A45F002678AF /* Images.xcassets in Resources */,
			);
			runOnlyForDeploymentPostprocessing = 0;
		};
		71D4D1B719C0A45F002678AF /* Resources */ = {
			isa = PBXResourcesBuildPhase;
			buildActionMask = 2147483647;
			files = (
			);
			runOnlyForDeploymentPostprocessing = 0;
		};
/* End PBXResourcesBuildPhase section */

/* Begin PBXSourcesBuildPhase section */
		71D4D1A319C0A45F002678AF /* Sources */ = {
			isa = PBXSourcesBuildPhase;
			buildActionMask = 2147483647;
			files = (
				71D4D1CA19C0A4DF002678AF /* FibonacciModel.swift in Sources */,
				71D4D1AF19C0A45F002678AF /* ViewController.swift in Sources */,
				71D4D1AD19C0A45F002678AF /* AppDelegate.swift in Sources */,
			);
			runOnlyForDeploymentPostprocessing = 0;
		};
		71D4D1B519C0A45F002678AF /* Sources */ = {
			isa = PBXSourcesBuildPhase;
			buildActionMask = 2147483647;
			files = (
				71D4D1C019C0A460002678AF /* FibonacciTests.swift in Sources */,
			);
			runOnlyForDeploymentPostprocessing = 0;
		};
/* End PBXSourcesBuildPhase section */

/* Begin PBXTargetDependency section */
		71D4D1BB19C0A460002678AF /* PBXTargetDependency */ = {
			isa = PBXTargetDependency;
			target = 71D4D1A619C0A45F002678AF /* Fibonacci */;
			targetProxy = 71D4D1BA19C0A460002678AF /* PBXContainerItemProxy */;
		};
/* End PBXTargetDependency section */

/* Begin PBXVariantGroup section */
		71D4D1B019C0A45F002678AF /* Main.storyboard */ = {
			isa = PBXVariantGroup;
			children = (
				71D4D1B119C0A45F002678AF /* Base */,
			);
			name = Main.storyboard;
			sourceTree = "<group>";
		};
/* End PBXVariantGroup section */

/* Begin XCBuildConfiguration section */
		71D4D1C119C0A460002678AF /* Debug */ = {
			isa = XCBuildConfiguration;
			buildSettings = {
				ALWAYS_SEARCH_USER_PATHS = NO;
				CLANG_CXX_LANGUAGE_STANDARD = "gnu++0x";
				CLANG_CXX_LIBRARY = "libc++";
				CLANG_ENABLE_MODULES = YES;
				CLANG_ENABLE_OBJC_ARC = YES;
				CLANG_WARN_BOOL_CONVERSION = YES;
				CLANG_WARN_CONSTANT_CONVERSION = YES;
				CLANG_WARN_DIRECT_OBJC_ISA_USAGE = YES_ERROR;
				CLANG_WARN_EMPTY_BODY = YES;
				CLANG_WARN_ENUM_CONVERSION = YES;
				CLANG_WARN_INT_CONVERSION = YES;
				CLANG_WARN_OBJC_ROOT_CLASS = YES_ERROR;
				CLANG_WARN_UNREACHABLE_CODE = YES;
				CLANG_WARN__DUPLICATE_METHOD_MATCH = YES;
				"CODE_SIGN_IDENTITY[sdk=iphoneos*]" = "iPhone Developer";
				COPY_PHASE_STRIP = NO;
				ENABLE_STRICT_OBJC_MSGSEND = YES;
				GCC_C_LANGUAGE_STANDARD = gnu99;
				GCC_DYNAMIC_NO_PIC = NO;
				GCC_OPTIMIZATION_LEVEL = 0;
				GCC_PREPROCESSOR_DEFINITIONS = (
					"DEBUG=1",
					"$(inherited)",
				);
				GCC_SYMBOLS_PRIVATE_EXTERN = NO;
				GCC_WARN_64_TO_32_BIT_CONVERSION = YES;
				GCC_WARN_ABOUT_RETURN_TYPE = YES_ERROR;
				GCC_WARN_UNDECLARED_SELECTOR = YES;
				GCC_WARN_UNINITIALIZED_AUTOS = YES_AGGRESSIVE;
				GCC_WARN_UNUSED_FUNCTION = YES;
				GCC_WARN_UNUSED_VARIABLE = YES;
				IPHONEOS_DEPLOYMENT_TARGET = 8.0;
				MTL_ENABLE_DEBUG_INFO = YES;
				ONLY_ACTIVE_ARCH = YES;
				SDKROOT = iphoneos;
				SWIFT_OPTIMIZATION_LEVEL = "-Onone";
			};
			name = Debug;
		};
		71D4D1C219C0A460002678AF /* Release */ = {
			isa = XCBuildConfiguration;
			buildSettings = {
				ALWAYS_SEARCH_USER_PATHS = NO;
				CLANG_CXX_LANGUAGE_STANDARD = "gnu++0x";
				CLANG_CXX_LIBRARY = "libc++";
				CLANG_ENABLE_MODULES = YES;
				CLANG_ENABLE_OBJC_ARC = YES;
				CLANG_WARN_BOOL_CONVERSION = YES;
				CLANG_WARN_CONSTANT_CONVERSION = YES;
				CLANG_WARN_DIRECT_OBJC_ISA_USAGE = YES_ERROR;
				CLANG_WARN_EMPTY_BODY = YES;
				CLANG_WARN_ENUM_CONVERSION = YES;
				CLANG_WARN_INT_CONVERSION = YES;
				CLANG_WARN_OBJC_ROOT_CLASS = YES_ERROR;
				CLANG_WARN_UNREACHABLE_CODE = YES;
				CLANG_WARN__DUPLICATE_METHOD_MATCH = YES;
				"CODE_SIGN_IDENTITY[sdk=iphoneos*]" = "iPhone Developer";
				COPY_PHASE_STRIP = YES;
				ENABLE_NS_ASSERTIONS = NO;
				ENABLE_STRICT_OBJC_MSGSEND = YES;
				GCC_C_LANGUAGE_STANDARD = gnu99;
				GCC_WARN_64_TO_32_BIT_CONVERSION = YES;
				GCC_WARN_ABOUT_RETURN_TYPE = YES_ERROR;
				GCC_WARN_UNDECLARED_SELECTOR = YES;
				GCC_WARN_UNINITIALIZED_AUTOS = YES_AGGRESSIVE;
				GCC_WARN_UNUSED_FUNCTION = YES;
				GCC_WARN_UNUSED_VARIABLE = YES;
				IPHONEOS_DEPLOYMENT_TARGET = 8.0;
				MTL_ENABLE_DEBUG_INFO = NO;
				SDKROOT = iphoneos;
				VALIDATE_PRODUCT = YES;
			};
			name = Release;
		};
		71D4D1C419C0A460002678AF /* Debug */ = {
			isa = XCBuildConfiguration;
			buildSettings = {
				ASSETCATALOG_COMPILER_APPICON_NAME = AppIcon;
				ASSETCATALOG_COMPILER_LAUNCHIMAGE_NAME = LaunchImage;
				INFOPLIST_FILE = Fibonacci/Info.plist;
				LD_RUNPATH_SEARCH_PATHS = "$(inherited) @executable_path/Frameworks";
				PRODUCT_NAME = "$(TARGET_NAME)";
			};
			name = Debug;
		};
		71D4D1C519C0A460002678AF /* Release */ = {
			isa = XCBuildConfiguration;
			buildSettings = {
				ASSETCATALOG_COMPILER_APPICON_NAME = AppIcon;
				ASSETCATALOG_COMPILER_LAUNCHIMAGE_NAME = LaunchImage;
				INFOPLIST_FILE = Fibonacci/Info.plist;
				LD_RUNPATH_SEARCH_PATHS = "$(inherited) @executable_path/Frameworks";
				PRODUCT_NAME = "$(TARGET_NAME)";
			};
			name = Release;
		};
		71D4D1C719C0A460002678AF /* Debug */ = {
			isa = XCBuildConfiguration;
			buildSettings = {
				BUNDLE_LOADER = "$(BUILT_PRODUCTS_DIR)/Fibonacci.app/Fibonacci";
				FRAMEWORK_SEARCH_PATHS = (
					"$(SDKROOT)/Developer/Library/Frameworks",
					"$(inherited)",
				);
				GCC_PREPROCESSOR_DEFINITIONS = (
					"DEBUG=1",
					"$(inherited)",
				);
				INFOPLIST_FILE = FibonacciTests/Info.plist;
				LD_RUNPATH_SEARCH_PATHS = "$(inherited) @executable_path/Frameworks @loader_path/Frameworks";
				PRODUCT_NAME = "$(TARGET_NAME)";
				TEST_HOST = "$(BUNDLE_LOADER)";
			};
			name = Debug;
		};
		71D4D1C819C0A460002678AF /* Release */ = {
			isa = XCBuildConfiguration;
			buildSettings = {
				BUNDLE_LOADER = "$(BUILT_PRODUCTS_DIR)/Fibonacci.app/Fibonacci";
				FRAMEWORK_SEARCH_PATHS = (
					"$(SDKROOT)/Developer/Library/Frameworks",
					"$(inherited)",
				);
				INFOPLIST_FILE = FibonacciTests/Info.plist;
				LD_RUNPATH_SEARCH_PATHS = "$(inherited) @executable_path/Frameworks @loader_path/Frameworks";
				PRODUCT_NAME = "$(TARGET_NAME)";
				TEST_HOST = "$(BUNDLE_LOADER)";
			};
			name = Release;
		};
/* End XCBuildConfiguration section */

/* Begin XCConfigurationList section */
		71D4D1A219C0A45F002678AF /* Build configuration list for PBXProject "Fibonacci" */ = {
			isa = XCConfigurationList;
			buildConfigurations = (
				71D4D1C119C0A460002678AF /* Debug */,
				71D4D1C219C0A460002678AF /* Release */,
			);
			defaultConfigurationIsVisible = 0;
			defaultConfigurationName = Release;
		};
		71D4D1C319C0A460002678AF /* Build configuration list for PBXNativeTarget "Fibonacci" */ = {
			isa = XCConfigurationList;
			buildConfigurations = (
				71D4D1C419C0A460002678AF /* Debug */,
				71D4D1C519C0A460002678AF /* Release */,
			);
			defaultConfigurationIsVisible = 0;
		};
		71D4D1C619C0A460002678AF /* Build configuration list for PBXNativeTarget "FibonacciTests" */ = {
			isa = XCConfigurationList;
			buildConfigurations = (
				71D4D1C719C0A460002678AF /* Debug */,
				71D4D1C819C0A460002678AF /* Release */,
			);
			defaultConfigurationIsVisible = 0;
		};
/* End XCConfigurationList section */
	};
	rootObject = 71D4D19F19C0A45F002678AF /* Project object */;
}
